// !$*UTF8*$!
{
	archiveVersion = 1;
	classes = {
	};
	objectVersion = 56;
	objects = {

/* Begin PBXBuildFile section */
		939B71742A929AB900A535CC /* NFCReadDemo_iOS_SwiftUIApp.swift in Sources */ = {isa = PBXBuildFile; fileRef = 939B71732A929AB900A535CC /* NFCReadDemo_iOS_SwiftUIApp.swift */; };
		939B71762A929AB900A535CC /* ContentView.swift in Sources */ = {isa = PBXBuildFile; fileRef = 939B71752A929AB900A535CC /* ContentView.swift */; };
		939B71782A929ABB00A535CC /* Assets.xcassets in Resources */ = {isa = PBXBuildFile; fileRef = 939B71772A929ABB00A535CC /* Assets.xcassets */; };
		939B717B2A929ABB00A535CC /* Preview Assets.xcassets in Resources */ = {isa = PBXBuildFile; fileRef = 939B717A2A929ABB00A535CC /* Preview Assets.xcassets */; };
		939B71832A92A15D00A535CC /* NFCNotAvailableView.swift in Sources */ = {isa = PBXBuildFile; fileRef = 939B71822A92A15D00A535CC /* NFCNotAvailableView.swift */; };
		939B71852A92A1AA00A535CC /* ColorAssets.xcassets in Resources */ = {isa = PBXBuildFile; fileRef = 939B71842A92A1AA00A535CC /* ColorAssets.xcassets */; };
		93A21DF02A95325D00D64611 /* NFCScannerBottomView.swift in Sources */ = {isa = PBXBuildFile; fileRef = 93A21DEF2A95325D00D64611 /* NFCScannerBottomView.swift */; };
		93A21DF22A9532EF00D64611 /* HomeView.swift in Sources */ = {isa = PBXBuildFile; fileRef = 93A21DF12A9532EF00D64611 /* HomeView.swift */; };
		93A21DF52A9534CF00D64611 /* HomeViewModel.swift in Sources */ = {isa = PBXBuildFile; fileRef = 93A21DF42A9534CF00D64611 /* HomeViewModel.swift */; };
		93A21DF82A95367400D64611 /* NFCScanner.swift in Sources */ = {isa = PBXBuildFile; fileRef = 93A21DF72A95367400D64611 /* NFCScanner.swift */; };
		93A21DFB2A9536F800D64611 /* Data+Extensions.swift in Sources */ = {isa = PBXBuildFile; fileRef = 93A21DFA2A9536F800D64611 /* Data+Extensions.swift */; };
/* End PBXBuildFile section */

/* Begin PBXFileReference section */
		9304BE8A2A9672BF004B0AE6 /* Info.plist */ = {isa = PBXFileReference; lastKnownFileType = text.plist; path = Info.plist; sourceTree = "<group>"; };
		939B71702A929AB900A535CC /* NFCReadDemo-iOS-SwiftUI.app */ = {isa = PBXFileReference; explicitFileType = wrapper.application; includeInIndex = 0; path = "NFCReadDemo-iOS-SwiftUI.app"; sourceTree = BUILT_PRODUCTS_DIR; };
		939B71732A929AB900A535CC /* NFCReadDemo_iOS_SwiftUIApp.swift */ = {isa = PBXFileReference; lastKnownFileType = sourcecode.swift; path = NFCReadDemo_iOS_SwiftUIApp.swift; sourceTree = "<group>"; };
		939B71752A929AB900A535CC /* ContentView.swift */ = {isa = PBXFileReference; lastKnownFileType = sourcecode.swift; path = ContentView.swift; sourceTree = "<group>"; };
		939B71772A929ABB00A535CC /* Assets.xcassets */ = {isa = PBXFileReference; lastKnownFileType = folder.assetcatalog; path = Assets.xcassets; sourceTree = "<group>"; };
		939B717A2A929ABB00A535CC /* Preview Assets.xcassets */ = {isa = PBXFileReference; lastKnownFileType = folder.assetcatalog; path = "Preview Assets.xcassets"; sourceTree = "<group>"; };
		939B71822A92A15D00A535CC /* NFCNotAvailableView.swift */ = {isa = PBXFileReference; lastKnownFileType = sourcecode.swift; path = NFCNotAvailableView.swift; sourceTree = "<group>"; };
		939B71842A92A1AA00A535CC /* ColorAssets.xcassets */ = {isa = PBXFileReference; lastKnownFileType = folder.assetcatalog; path = ColorAssets.xcassets; sourceTree = "<group>"; };
		93A21DEF2A95325D00D64611 /* NFCScannerBottomView.swift */ = {isa = PBXFileReference; lastKnownFileType = sourcecode.swift; path = NFCScannerBottomView.swift; sourceTree = "<group>"; };
		93A21DF12A9532EF00D64611 /* HomeView.swift */ = {isa = PBXFileReference; lastKnownFileType = sourcecode.swift; path = HomeView.swift; sourceTree = "<group>"; };
		93A21DF42A9534CF00D64611 /* HomeViewModel.swift */ = {isa = PBXFileReference; lastKnownFileType = sourcecode.swift; path = HomeViewModel.swift; sourceTree = "<group>"; };
		93A21DF72A95367400D64611 /* NFCScanner.swift */ = {isa = PBXFileReference; lastKnownFileType = sourcecode.swift; path = NFCScanner.swift; sourceTree = "<group>"; };
		93A21DFA2A9536F800D64611 /* Data+Extensions.swift */ = {isa = PBXFileReference; lastKnownFileType = sourcecode.swift; path = "Data+Extensions.swift"; sourceTree = "<group>"; };
		93A21DFC2A954FE500D64611 /* NFCReadDemo-iOS-SwiftUI.entitlements */ = {isa = PBXFileReference; lastKnownFileType = text.plist.entitlements; path = "NFCReadDemo-iOS-SwiftUI.entitlements"; sourceTree = "<group>"; };
/* End PBXFileReference section */

/* Begin PBXFrameworksBuildPhase section */
		939B716D2A929AB900A535CC /* Frameworks */ = {
			isa = PBXFrameworksBuildPhase;
			buildActionMask = 2147483647;
			files = (
			);
			runOnlyForDeploymentPostprocessing = 0;
		};
/* End PBXFrameworksBuildPhase section */

/* Begin PBXGroup section */
		939B71672A929AB900A535CC = {
			isa = PBXGroup;
			children = (
				939B71722A929AB900A535CC /* NFCReadDemo-iOS-SwiftUI */,
				939B71712A929AB900A535CC /* Products */,
			);
			sourceTree = "<group>";
		};
		939B71712A929AB900A535CC /* Products */ = {
			isa = PBXGroup;
			children = (
				939B71702A929AB900A535CC /* NFCReadDemo-iOS-SwiftUI.app */,
			);
			name = Products;
			sourceTree = "<group>";
		};
		939B71722A929AB900A535CC /* NFCReadDemo-iOS-SwiftUI */ = {
			isa = PBXGroup;
			children = (
				9304BE8A2A9672BF004B0AE6 /* Info.plist */,
				93A21DFC2A954FE500D64611 /* NFCReadDemo-iOS-SwiftUI.entitlements */,
				93A21DF62A95365F00D64611 /* nfc_classes */,
				93A21DF92A9536CA00D64611 /* extensions */,
				939B71812A92A12F00A535CC /* views */,
				939B71732A929AB900A535CC /* NFCReadDemo_iOS_SwiftUIApp.swift */,
				939B71752A929AB900A535CC /* ContentView.swift */,
				939B71772A929ABB00A535CC /* Assets.xcassets */,
				939B71842A92A1AA00A535CC /* ColorAssets.xcassets */,
				939B71792A929ABB00A535CC /* Preview Content */,
			);
			path = "NFCReadDemo-iOS-SwiftUI";
			sourceTree = "<group>";
		};
		939B71792A929ABB00A535CC /* Preview Content */ = {
			isa = PBXGroup;
			children = (
				939B717A2A929ABB00A535CC /* Preview Assets.xcassets */,
			);
			path = "Preview Content";
			sourceTree = "<group>";
		};
		939B71812A92A12F00A535CC /* views */ = {
			isa = PBXGroup;
			children = (
				93A21DF32A9534A600D64611 /* HomeUi */,
			);
			path = views;
			sourceTree = "<group>";
		};
		93A21DF32A9534A600D64611 /* HomeUi */ = {
			isa = PBXGroup;
			children = (
				939B71822A92A15D00A535CC /* NFCNotAvailableView.swift */,
				93A21DEF2A95325D00D64611 /* NFCScannerBottomView.swift */,
				93A21DF12A9532EF00D64611 /* HomeView.swift */,
				93A21DF42A9534CF00D64611 /* HomeViewModel.swift */,
			);
			path = HomeUi;
			sourceTree = "<group>";
		};
		93A21DF62A95365F00D64611 /* nfc_classes */ = {
			isa = PBXGroup;
			children = (
				93A21DF72A95367400D64611 /* NFCScanner.swift */,
			);
			path = nfc_classes;
			sourceTree = "<group>";
		};
		93A21DF92A9536CA00D64611 /* extensions */ = {
			isa = PBXGroup;
			children = (
				93A21DFA2A9536F800D64611 /* Data+Extensions.swift */,
			);
			path = extensions;
			sourceTree = "<group>";
		};
/* End PBXGroup section */

/* Begin PBXNativeTarget section */
		939B716F2A929AB900A535CC /* NFCReadDemo-iOS-SwiftUI */ = {
			isa = PBXNativeTarget;
			buildConfigurationList = 939B717E2A929ABB00A535CC /* Build configuration list for PBXNativeTarget "NFCReadDemo-iOS-SwiftUI" */;
			buildPhases = (
				939B716C2A929AB900A535CC /* Sources */,
				939B716D2A929AB900A535CC /* Frameworks */,
				939B716E2A929AB900A535CC /* Resources */,
			);
			buildRules = (
			);
			dependencies = (
			);
			name = "NFCReadDemo-iOS-SwiftUI";
			productName = "NFCReadDemo-iOS-SwiftUI";
			productReference = 939B71702A929AB900A535CC /* NFCReadDemo-iOS-SwiftUI.app */;
			productType = "com.apple.product-type.application";
		};
/* End PBXNativeTarget section */

/* Begin PBXProject section */
		939B71682A929AB900A535CC /* Project object */ = {
			isa = PBXProject;
			attributes = {
				BuildIndependentTargetsInParallel = 1;
				LastSwiftUpdateCheck = 1410;
				LastUpgradeCheck = 1410;
				TargetAttributes = {
					939B716F2A929AB900A535CC = {
						CreatedOnToolsVersion = 14.1;
					};
				};
			};
			buildConfigurationList = 939B716B2A929AB900A535CC /* Build configuration list for PBXProject "NFCReadDemo-iOS-SwiftUI" */;
			compatibilityVersion = "Xcode 14.0";
			developmentRegion = en;
			hasScannedForEncodings = 0;
			knownRegions = (
				en,
				Base,
			);
			mainGroup = 939B71672A929AB900A535CC;
			productRefGroup = 939B71712A929AB900A535CC /* Products */;
			projectDirPath = "";
			projectRoot = "";
			targets = (
				939B716F2A929AB900A535CC /* NFCReadDemo-iOS-SwiftUI */,
			);
		};
/* End PBXProject section */

/* Begin PBXResourcesBuildPhase section */
		939B716E2A929AB900A535CC /* Resources */ = {
			isa = PBXResourcesBuildPhase;
			buildActionMask = 2147483647;
			files = (
				939B717B2A929ABB00A535CC /* Preview Assets.xcassets in Resources */,
				939B71852A92A1AA00A535CC /* ColorAssets.xcassets in Resources */,
				939B71782A929ABB00A535CC /* Assets.xcassets in Resources */,
			);
			runOnlyForDeploymentPostprocessing = 0;
		};
/* End PBXResourcesBuildPhase section */

/* Begin PBXSourcesBuildPhase section */
		939B716C2A929AB900A535CC /* Sources */ = {
			isa = PBXSourcesBuildPhase;
			buildActionMask = 2147483647;
			files = (
				93A21DF82A95367400D64611 /* NFCScanner.swift in Sources */,
				939B71762A929AB900A535CC /* ContentView.swift in Sources */,
				93A21DF52A9534CF00D64611 /* HomeViewModel.swift in Sources */,
				939B71832A92A15D00A535CC /* NFCNotAvailableView.swift in Sources */,
				93A21DF02A95325D00D64611 /* NFCScannerBottomView.swift in Sources */,
				93A21DFB2A9536F800D64611 /* Data+Extensions.swift in Sources */,
				93A21DF22A9532EF00D64611 /* HomeView.swift in Sources */,
				939B71742A929AB900A535CC /* NFCReadDemo_iOS_SwiftUIApp.swift in Sources */,
			);
			runOnlyForDeploymentPostprocessing = 0;
		};
/* End PBXSourcesBuildPhase section */

/* Begin XCBuildConfiguration section */
		939B717C2A929ABB00A535CC /* Debug */ = {
			isa = XCBuildConfiguration;
			buildSettings = {
				ALWAYS_SEARCH_USER_PATHS = NO;
				CLANG_ANALYZER_NONNULL = YES;
				CLANG_ANALYZER_NUMBER_OBJECT_CONVERSION = YES_AGGRESSIVE;
				CLANG_CXX_LANGUAGE_STANDARD = "gnu++20";
				CLANG_ENABLE_MODULES = YES;
				CLANG_ENABLE_OBJC_ARC = YES;
				CLANG_ENABLE_OBJC_WEAK = YES;
				CLANG_WARN_BLOCK_CAPTURE_AUTORELEASING = YES;
				CLANG_WARN_BOOL_CONVERSION = YES;
				CLANG_WARN_COMMA = YES;
				CLANG_WARN_CONSTANT_CONVERSION = YES;
				CLANG_WARN_DEPRECATED_OBJC_IMPLEMENTATIONS = YES;
				CLANG_WARN_DIRECT_OBJC_ISA_USAGE = YES_ERROR;
				CLANG_WARN_DOCUMENTATION_COMMENTS = YES;
				CLANG_WARN_EMPTY_BODY = YES;
				CLANG_WARN_ENUM_CONVERSION = YES;
				CLANG_WARN_INFINITE_RECURSION = YES;
				CLANG_WARN_INT_CONVERSION = YES;
				CLANG_WARN_NON_LITERAL_NULL_CONVERSION = YES;
				CLANG_WARN_OBJC_IMPLICIT_RETAIN_SELF = YES;
				CLANG_WARN_OBJC_LITERAL_CONVERSION = YES;
				CLANG_WARN_OBJC_ROOT_CLASS = YES_ERROR;
				CLANG_WARN_QUOTED_INCLUDE_IN_FRAMEWORK_HEADER = YES;
				CLANG_WARN_RANGE_LOOP_ANALYSIS = YES;
				CLANG_WARN_STRICT_PROTOTYPES = YES;
				CLANG_WARN_SUSPICIOUS_MOVE = YES;
				CLANG_WARN_UNGUARDED_AVAILABILITY = YES_AGGRESSIVE;
				CLANG_WARN_UNREACHABLE_CODE = YES;
				CLANG_WARN__DUPLICATE_METHOD_MATCH = YES;
				COPY_PHASE_STRIP = NO;
				DEBUG_INFORMATION_FORMAT = dwarf;
				ENABLE_STRICT_OBJC_MSGSEND = YES;
				ENABLE_TESTABILITY = YES;
				GCC_C_LANGUAGE_STANDARD = gnu11;
				GCC_DYNAMIC_NO_PIC = NO;
				GCC_NO_COMMON_BLOCKS = YES;
				GCC_OPTIMIZATION_LEVEL = 0;
				GCC_PREPROCESSOR_DEFINITIONS = (
					"DEBUG=1",
					"$(inherited)",
				);
				GCC_WARN_64_TO_32_BIT_CONVERSION = YES;
				GCC_WARN_ABOUT_RETURN_TYPE = YES_ERROR;
				GCC_WARN_UNDECLARED_SELECTOR = YES;
				GCC_WARN_UNINITIALIZED_AUTOS = YES_AGGRESSIVE;
				GCC_WARN_UNUSED_FUNCTION = YES;
				GCC_WARN_UNUSED_VARIABLE = YES;
				IPHONEOS_DEPLOYMENT_TARGET = 16.1;
				MTL_ENABLE_DEBUG_INFO = INCLUDE_SOURCE;
				MTL_FAST_MATH = YES;
				ONLY_ACTIVE_ARCH = YES;
				SDKROOT = iphoneos;
				SWIFT_ACTIVE_COMPILATION_CONDITIONS = DEBUG;
				SWIFT_OPTIMIZATION_LEVEL = "-Onone";
			};
			name = Debug;
		};
		939B717D2A929ABB00A535CC /* Release */ = {
			isa = XCBuildConfiguration;
			buildSettings = {
				ALWAYS_SEARCH_USER_PATHS = NO;
				CLANG_ANALYZER_NONNULL = YES;
				CLANG_ANALYZER_NUMBER_OBJECT_CONVERSION = YES_AGGRESSIVE;
				CLANG_CXX_LANGUAGE_STANDARD = "gnu++20";
				CLANG_ENABLE_MODULES = YES;
				CLANG_ENABLE_OBJC_ARC = YES;
				CLANG_ENABLE_OBJC_WEAK = YES;
				CLANG_WARN_BLOCK_CAPTURE_AUTORELEASING = YES;
				CLANG_WARN_BOOL_CONVERSION = YES;
				CLANG_WARN_COMMA = YES;
				CLANG_WARN_CONSTANT_CONVERSION = YES;
				CLANG_WARN_DEPRECATED_OBJC_IMPLEMENTATIONS = YES;
				CLANG_WARN_DIRECT_OBJC_ISA_USAGE = YES_ERROR;
				CLANG_WARN_DOCUMENTATION_COMMENTS = YES;
				CLANG_WARN_EMPTY_BODY = YES;
				CLANG_WARN_ENUM_CONVERSION = YES;
				CLANG_WARN_INFINITE_RECURSION = YES;
				CLANG_WARN_INT_CONVERSION = YES;
				CLANG_WARN_NON_LITERAL_NULL_CONVERSION = YES;
				CLANG_WARN_OBJC_IMPLICIT_RETAIN_SELF = YES;
				CLANG_WARN_OBJC_LITERAL_CONVERSION = YES;
				CLANG_WARN_OBJC_ROOT_CLASS = YES_ERROR;
				CLANG_WARN_QUOTED_INCLUDE_IN_FRAMEWORK_HEADER = YES;
				CLANG_WARN_RANGE_LOOP_ANALYSIS = YES;
				CLANG_WARN_STRICT_PROTOTYPES = YES;
				CLANG_WARN_SUSPICIOUS_MOVE = YES;
				CLANG_WARN_UNGUARDED_AVAILABILITY = YES_AGGRESSIVE;
				CLANG_WARN_UNREACHABLE_CODE = YES;
				CLANG_WARN__DUPLICATE_METHOD_MATCH = YES;
				COPY_PHASE_STRIP = NO;
				DEBUG_INFORMATION_FORMAT = "dwarf-with-dsym";
				ENABLE_NS_ASSERTIONS = NO;
				ENABLE_STRICT_OBJC_MSGSEND = YES;
				GCC_C_LANGUAGE_STANDARD = gnu11;
				GCC_NO_COMMON_BLOCKS = YES;
				GCC_WARN_64_TO_32_BIT_CONVERSION = YES;
				GCC_WARN_ABOUT_RETURN_TYPE = YES_ERROR;
				GCC_WARN_UNDECLARED_SELECTOR = YES;
				GCC_WARN_UNINITIALIZED_AUTOS = YES_AGGRESSIVE;
				GCC_WARN_UNUSED_FUNCTION = YES;
				GCC_WARN_UNUSED_VARIABLE = YES;
				IPHONEOS_DEPLOYMENT_TARGET = 16.1;
				MTL_ENABLE_DEBUG_INFO = NO;
				MTL_FAST_MATH = YES;
				SDKROOT = iphoneos;
				SWIFT_COMPILATION_MODE = wholemodule;
				SWIFT_OPTIMIZATION_LEVEL = "-O";
				VALIDATE_PRODUCT = YES;
			};
			name = Release;
		};
		939B717F2A929ABB00A535CC /* Debug */ = {
			isa = XCBuildConfiguration;
			buildSettings = {
				ASSETCATALOG_COMPILER_APPICON_NAME = AppIcon;
				ASSETCATALOG_COMPILER_GLOBAL_ACCENT_COLOR_NAME = AccentColor;
				CODE_SIGN_ENTITLEMENTS = "NFCReadDemo-iOS-SwiftUI/NFCReadDemo-iOS-SwiftUI.entitlements";
				CODE_SIGN_IDENTITY = "Apple Development";
				CODE_SIGN_STYLE = Automatic;
				CURRENT_PROJECT_VERSION = 1;
				DEVELOPMENT_ASSET_PATHS = "\"NFCReadDemo-iOS-SwiftUI/Preview Content\"";
				DEVELOPMENT_TEAM = 99485X5JU5;
				ENABLE_PREVIEWS = YES;
				GENERATE_INFOPLIST_FILE = YES;
				INFOPLIST_FILE = "NFCReadDemo-iOS-SwiftUI/Info.plist";
				INFOPLIST_KEY_NFCReaderUsageDescription = "this app is required NFC permissionn to scan the NFC data and process it accordingly";
				INFOPLIST_KEY_UIApplicationSceneManifest_Generation = YES;
				INFOPLIST_KEY_UIApplicationSupportsIndirectInputEvents = YES;
				INFOPLIST_KEY_UILaunchScreen_Generation = YES;
				INFOPLIST_KEY_UISupportedInterfaceOrientations = "UIInterfaceOrientationLandscapeRight UIInterfaceOrientationPortrait";
				INFOPLIST_KEY_UISupportedInterfaceOrientations_iPad = "UIInterfaceOrientationLandscapeLeft UIInterfaceOrientationLandscapeRight UIInterfaceOrientationPortrait UIInterfaceOrientationPortraitUpsideDown";
				IPHONEOS_DEPLOYMENT_TARGET = 14.0;
				LD_RUNPATH_SEARCH_PATHS = (
					"$(inherited)",
					"@executable_path/Frameworks",
				);
				MARKETING_VERSION = 1.0;
				PRODUCT_BUNDLE_IDENTIFIER = "io.gauravtak.nfcread-ios-swiftui";
				PRODUCT_NAME = "$(TARGET_NAME)";
				PROVISIONING_PROFILE_SPECIFIER = "";
				SWIFT_EMIT_LOC_STRINGS = YES;
				SWIFT_VERSION = 5.0;
				TARGETED_DEVICE_FAMILY = "1,2";
			};
			name = Debug;
		};
		939B71802A929ABB00A535CC /* Release */ = {
			isa = XCBuildConfiguration;
			buildSettings = {
				ASSETCATALOG_COMPILER_APPICON_NAME = AppIcon;
				ASSETCATALOG_COMPILER_GLOBAL_ACCENT_COLOR_NAME = AccentColor;
				CODE_SIGN_ENTITLEMENTS = "NFCReadDemo-iOS-SwiftUI/NFCReadDemo-iOS-SwiftUI.entitlements";
				CODE_SIGN_IDENTITY = "Apple Development";
				CODE_SIGN_STYLE = Automatic;
				CURRENT_PROJECT_VERSION = 1;
				DEVELOPMENT_ASSET_PATHS = "\"NFCReadDemo-iOS-SwiftUI/Preview Content\"";
				DEVELOPMENT_TEAM = 99485X5JU5;
				ENABLE_PREVIEWS = YES;
				GENERATE_INFOPLIST_FILE = YES;
				INFOPLIST_FILE = "NFCReadDemo-iOS-SwiftUI/Info.plist";
				INFOPLIST_KEY_NFCReaderUsageDescription = "this app is required NFC permissionn to scan the NFC data and process it accordingly";
				INFOPLIST_KEY_UIApplicationSceneManifest_Generation = YES;
				INFOPLIST_KEY_UIApplicationSupportsIndirectInputEvents = YES;
				INFOPLIST_KEY_UILaunchScreen_Generation = YES;
				INFOPLIST_KEY_UISupportedInterfaceOrientations = "UIInterfaceOrientationLandscapeRight UIInterfaceOrientationPortrait";
				INFOPLIST_KEY_UISupportedInterfaceOrientations_iPad = "UIInterfaceOrientationLandscapeLeft UIInterfaceOrientationLandscapeRight UIInterfaceOrientationPortrait UIInterfaceOrientationPortraitUpsideDown";
				IPHONEOS_DEPLOYMENT_TARGET = 14.0;
				LD_RUNPATH_SEARCH_PATHS = (
					"$(inherited)",
					"@executable_path/Frameworks",
				);
				MARKETING_VERSION = 1.0;
				PRODUCT_BUNDLE_IDENTIFIER = "io.gauravtak.nfcread-ios-swiftui";
				PRODUCT_NAME = "$(TARGET_NAME)";
				PROVISIONING_PROFILE_SPECIFIER = "";
				SWIFT_EMIT_LOC_STRINGS = YES;
				SWIFT_VERSION = 5.0;
				TARGETED_DEVICE_FAMILY = "1,2";
			};
			name = Release;
		};
/* End XCBuildConfiguration section */

/* Begin XCConfigurationList section */
		939B716B2A929AB900A535CC /* Build configuration list for PBXProject "NFCReadDemo-iOS-SwiftUI" */ = {
			isa = XCConfigurationList;
			buildConfigurations = (
				939B717C2A929ABB00A535CC /* Debug */,
				939B717D2A929ABB00A535CC /* Release */,
			);
			defaultConfigurationIsVisible = 0;
			defaultConfigurationName = Release;
		};
		939B717E2A929ABB00A535CC /* Build configuration list for PBXNativeTarget "NFCReadDemo-iOS-SwiftUI" */ = {
			isa = XCConfigurationList;
			buildConfigurations = (
				939B717F2A929ABB00A535CC /* Debug */,
				939B71802A929ABB00A535CC /* Release */,
			);
			defaultConfigurationIsVisible = 0;
			defaultConfigurationName = Release;
		};
/* End XCConfigurationList section */
	};
	rootObject = 939B71682A929AB900A535CC /* Project object */;
}
